
Microsoft Visual Studio Solution File, Format Version 12.00
Project("{FAE04EC0-301F-11D3-BF4B-00C04F79EFBC}") = "WinResizerAvalonia", "WinResizerAvalonia.csproj", "{9887E503-ECB1-483A-98D9-0423D4C67FCA}"
EndProject
Global
	GlobalSection(SolutionConfigurationPlatforms) = preSolution
		Debug|Any CPU = Debug|Any CPU
		Release|Any CPU = Release|Any CPU
	EndGlobalSection
	GlobalSection(ProjectConfigurationPlatforms) = postSolution
		{9887E503-ECB1-483A-98D9-0423D4C67FCA}.Debug|Any CPU.ActiveCfg = Debug|Any CPU
		{9887E503-ECB1-483A-98D9-0423D4C67FCA}.Debug|Any CPU.Build.0 = Debug|Any CPU
		{9887E503-ECB1-483A-98D9-0423D4C67FCA}.Release|Any CPU.ActiveCfg = Release|Any CPU
		{9887E503-ECB1-483A-98D9-0423D4C67FCA}.Release|Any CPU.Build.0 = Release|Any CPU
	EndGlobalSection
EndGlobal
